
Microsoft Visual Studio Solution File, Format Version 12.00
# Visual Studio 2013
VisualStudioVersion = 12.0.30723.0
MinimumVisualStudioVersion = 10.0.40219.1
Project("{FAE04EC0-301F-11D3-BF4B-00C04F79EFBC}") = "LibSVMsharp", "LibSVMsharp\LibSVMsharp.csproj", "{AC04337C-E542-4BE9-8DBD-5B44535299E2}"
EndProject
Project("{2150E333-8FDC-42A3-9474-1A3956D46DE8}") = "Examples", "Examples", "{B7C949C2-345F-404F-BD38-4F2C0519A5F2}"
EndProject
Project("{FAE04EC0-301F-11D3-BF4B-00C04F79EFBC}") = "LibSVMsharp.Examples.Classification", "LibSVMsharp.Examples.Classification\LibSVMsharp.Examples.Classification.csproj", "{40F859AD-241A-4379-831C-8FB69BE6A8B1}"
EndProject
Project("{FAE04EC0-301F-11D3-BF4B-00C04F79EFBC}") = "LibSVMsharp.Examples.RapidPrediction", "LibSVMsharp.Examples.RapidPrediction\LibSVMsharp.Examples.RapidPrediction.csproj", "{FFDF7EA5-53DA-4DF7-9DD8-E4E7DE2B5AB6}"
EndProject
Project("{FAE04EC0-301F-11D3-BF4B-00C04F79EFBC}") = "LibSVMSharp.Tests", "LibSVMSharp.Tests\LibSVMSharp.Tests.csproj", "{2DE0BD3C-C37B-4B23-9533-2F91C1DD15C3}"
EndProject
Global
	GlobalSection(SolutionConfigurationPlatforms) = preSolution
		Debug|Any CPU = Debug|Any CPU
		Release|Any CPU = Release|Any CPU
	EndGlobalSection
	GlobalSection(ProjectConfigurationPlatforms) = postSolution
		{AC04337C-E542-4BE9-8DBD-5B44535299E2}.Debug|Any CPU.ActiveCfg = Debug|Any CPU
		{AC04337C-E542-4BE9-8DBD-5B44535299E2}.Debug|Any CPU.Build.0 = Debug|Any CPU
		{AC04337C-E542-4BE9-8DBD-5B44535299E2}.Release|Any CPU.ActiveCfg = Release|Any CPU
		{AC04337C-E542-4BE9-8DBD-5B44535299E2}.Release|Any CPU.Build.0 = Release|Any CPU
		{40F859AD-241A-4379-831C-8FB69BE6A8B1}.Debug|Any CPU.ActiveCfg = Debug|Any CPU
		{40F859AD-241A-4379-831C-8FB69BE6A8B1}.Debug|Any CPU.Build.0 = Debug|Any CPU
		{40F859AD-241A-4379-831C-8FB69BE6A8B1}.Release|Any CPU.ActiveCfg = Release|Any CPU
		{40F859AD-241A-4379-831C-8FB69BE6A8B1}.Release|Any CPU.Build.0 = Release|Any CPU
		{FFDF7EA5-53DA-4DF7-9DD8-E4E7DE2B5AB6}.Debug|Any CPU.ActiveCfg = Debug|Any CPU
		{FFDF7EA5-53DA-4DF7-9DD8-E4E7DE2B5AB6}.Debug|Any CPU.Build.0 = Debug|Any CPU
		{FFDF7EA5-53DA-4DF7-9DD8-E4E7DE2B5AB6}.Release|Any CPU.ActiveCfg = Release|Any CPU
		{FFDF7EA5-53DA-4DF7-9DD8-E4E7DE2B5AB6}.Release|Any CPU.Build.0 = Release|Any CPU
		{2DE0BD3C-C37B-4B23-9533-2F91C1DD15C3}.Debug|Any CPU.ActiveCfg = Debug|Any CPU
		{2DE0BD3C-C37B-4B23-9533-2F91C1DD15C3}.Debug|Any CPU.Build.0 = Debug|Any CPU
		{2DE0BD3C-C37B-4B23-9533-2F91C1DD15C3}.Release|Any CPU.ActiveCfg = Release|Any CPU
		{2DE0BD3C-C37B-4B23-9533-2F91C1DD15C3}.Release|Any CPU.Build.0 = Release|Any CPU
	EndGlobalSection
	GlobalSection(SolutionProperties) = preSolution
		HideSolutionNode = FALSE
	EndGlobalSection
	GlobalSection(NestedProjects) = preSolution
		{40F859AD-241A-4379-831C-8FB69BE6A8B1} = {B7C949C2-345F-404F-BD38-4F2C0519A5F2}
		{FFDF7EA5-53DA-4DF7-9DD8-E4E7DE2B5AB6} = {B7C949C2-345F-404F-BD38-4F2C0519A5F2}
	EndGlobalSection
EndGlobal
